Microsoft Visual Studio Solution File, Format Version 12.00
# Visual Studio Version 17
VisualStudioVersion = 17.0.31903.59
MinimumVisualStudioVersion = 10.0.40219.1
Project("{9A19103F-16F7-4668-BE54-9A1E7A4F7556}") = "KlrpxyGameplayTags", "src\Klrpxy.Gameplay.Tags\KlrpxyGameplayTags.csproj", "{A3E09F69-1268-4A10-A6B4-4427F85072F1}"
EndProject
Project("{9A19103F-16F7-4668-BE54-9A1E7A4F7556}") = "KlrpxyGameplayTags.Runtime", "src\Klrpxy.Gameplay.Tags.Runtime\KlrpxyGameplayTags.Runtime.csproj", "{C4D0F919-95F8-43BA-8FD9-8ACFDBD060C3}"
EndProject
Project("{9A19103F-16F7-4668-BE54-9A1E7A4F7556}") = "KlrpxyGameplayTags.Tests", "tests\KlrpxyGameplayTags.Tests\KlrpxyGameplayTags.Tests.csproj", "{7F3A3620-56E4-48ED-95B4-DF35D0540C78}"
EndProject
Project("{9A19103F-16F7-4668-BE54-9A1E7A4F7556}") = "KlrpxyGameplayStats.Runtime", "src\Klrpxy.Gameplay.Stats.Runtime\KlrpxyGameplayStats.Runtime.csproj", "{AF8DEDBE-48F4-40B6-9688-AC295056F4BC}"
EndProject
Project("{9A19103F-16F7-4668-BE54-9A1E7A4F7556}") = "KlrpxyGameplayStats", "src\Klrpxy.Gameplay.Stats\KlrpxyGameplayStats.csproj", "{CA6D1723-4E64-47FB-BA87-B90E38B6A9B9}"
EndProject
Project("{9A19103F-16F7-4668-BE54-9A1E7A4F7556}") = "KlrpxyGameplayStats.Runtime.Tests", "tests\KlrpxyGameplayStats.Runtime.Tests\KlrpxyGameplayStats.Runtime.Tests.csproj", "{E355B2A1-ED6A-45CC-8CE7-D95A2E13DA90}"
EndProject
Project("{9A19103F-16F7-4668-BE54-9A1E7A4F7556}") = "KlrpxyGameplayStats.Tests", "tests\KlrpxyGameplayStats.Tests\KlrpxyGameplayStats.Tests.csproj", "{DC149854-A16A-4773-8384-033E98883D3B}"
EndProject
Project("{9A19103F-16F7-4668-BE54-9A1E7A4F7556}") = "KlrpxyGameplayStats.R3", "src\Klrpxy.Gameplay.Stats.R3\KlrpxyGameplayStats.R3.csproj", "{5D2DA93C-E32C-4FA6-A457-985C0D07F3AB}"
EndProject
Project("{9A19103F-16F7-4668-BE54-9A1E7A4F7556}") = "KlrpxyGameplayStats.R3.Tests", "tests\KlrpxyGameplayStats.R3.Tests\KlrpxyGameplayStats.R3.Tests.csproj", "{6F763827-9C2A-440E-81EC-CA695C26AA62}"
EndProject
Global
	GlobalSection(SolutionConfigurationPlatforms) = preSolution
		Debug|Any CPU = Debug|Any CPU
		Release|Any CPU = Release|Any CPU
	EndGlobalSection
	GlobalSection(ProjectConfigurationPlatforms) = postSolution
		{A3E09F69-1268-4A10-A6B4-4427F85072F1}.Debug|Any CPU.ActiveCfg = Debug|Any CPU
		{A3E09F69-1268-4A10-A6B4-4427F85072F1}.Debug|Any CPU.Build.0 = Debug|Any CPU
		{A3E09F69-1268-4A10-A6B4-4427F85072F1}.Release|Any CPU.ActiveCfg = Release|Any CPU
		{A3E09F69-1268-4A10-A6B4-4427F85072F1}.Release|Any CPU.Build.0 = Release|Any CPU
		{C4D0F919-95F8-43BA-8FD9-8ACFDBD060C3}.Debug|Any CPU.ActiveCfg = Debug|Any CPU
		{C4D0F919-95F8-43BA-8FD9-8ACFDBD060C3}.Debug|Any CPU.Build.0 = Debug|Any CPU
		{C4D0F919-95F8-43BA-8FD9-8ACFDBD060C3}.Release|Any CPU.ActiveCfg = Release|Any CPU
		{C4D0F919-95F8-43BA-8FD9-8ACFDBD060C3}.Release|Any CPU.Build.0 = Release|Any CPU
		{7F3A3620-56E4-48ED-95B4-DF35D0540C78}.Debug|Any CPU.ActiveCfg = Debug|Any CPU
		{7F3A3620-56E4-48ED-95B4-DF35D0540C78}.Debug|Any CPU.Build.0 = Debug|Any CPU
		{7F3A3620-56E4-48ED-95B4-DF35D0540C78}.Release|Any CPU.ActiveCfg = Release|Any CPU
		{7F3A3620-56E4-48ED-95B4-DF35D0540C78}.Release|Any CPU.Build.0 = Release|Any CPU
		{AF8DEDBE-48F4-40B6-9688-AC295056F4BC}.Debug|Any CPU.ActiveCfg = Debug|Any CPU
		{AF8DEDBE-48F4-40B6-9688-AC295056F4BC}.Debug|Any CPU.Build.0 = Debug|Any CPU
		{AF8DEDBE-48F4-40B6-9688-AC295056F4BC}.Release|Any CPU.ActiveCfg = Release|Any CPU
		{AF8DEDBE-48F4-40B6-9688-AC295056F4BC}.Release|Any CPU.Build.0 = Release|Any CPU
		{CA6D1723-4E64-47FB-BA87-B90E38B6A9B9}.Debug|Any CPU.ActiveCfg = Debug|Any CPU
		{CA6D1723-4E64-47FB-BA87-B90E38B6A9B9}.Debug|Any CPU.Build.0 = Debug|Any CPU
		{CA6D1723-4E64-47FB-BA87-B90E38B6A9B9}.Release|Any CPU.ActiveCfg = Release|Any CPU
		{CA6D1723-4E64-47FB-BA87-B90E38B6A9B9}.Release|Any CPU.Build.0 = Release|Any CPU
		{E355B2A1-ED6A-45CC-8CE7-D95A2E13DA90}.Debug|Any CPU.ActiveCfg = Debug|Any CPU
		{E355B2A1-ED6A-45CC-8CE7-D95A2E13DA90}.Debug|Any CPU.Build.0 = Debug|Any CPU
		{E355B2A1-ED6A-45CC-8CE7-D95A2E13DA90}.Release|Any CPU.ActiveCfg = Release|Any CPU
		{E355B2A1-ED6A-45CC-8CE7-D95A2E13DA90}.Release|Any CPU.Build.0 = Release|Any CPU
		{DC149854-A16A-4773-8384-033E98883D3B}.Debug|Any CPU.ActiveCfg = Debug|Any CPU
		{DC149854-A16A-4773-8384-033E98883D3B}.Debug|Any CPU.Build.0 = Debug|Any CPU
		{DC149854-A16A-4773-8384-033E98883D3B}.Release|Any CPU.ActiveCfg = Release|Any CPU
		{DC149854-A16A-4773-8384-033E98883D3B}.Release|Any CPU.Build.0 = Release|Any CPU
		{5D2DA93C-E32C-4FA6-A457-985C0D07F3AB}.Debug|Any CPU.ActiveCfg = Debug|Any CPU
		{5D2DA93C-E32C-4FA6-A457-985C0D07F3AB}.Debug|Any CPU.Build.0 = Debug|Any CPU
		{5D2DA93C-E32C-4FA6-A457-985C0D07F3AB}.Release|Any CPU.ActiveCfg = Release|Any CPU
		{5D2DA93C-E32C-4FA6-A457-985C0D07F3AB}.Release|Any CPU.Build.0 = Release|Any CPU
		{6F763827-9C2A-440E-81EC-CA695C26AA62}.Debug|Any CPU.ActiveCfg = Debug|Any CPU
		{6F763827-9C2A-440E-81EC-CA695C26AA62}.Debug|Any CPU.Build.0 = Debug|Any CPU
		{6F763827-9C2A-440E-81EC-CA695C26AA62}.Release|Any CPU.ActiveCfg = Release|Any CPU
		{6F763827-9C2A-440E-81EC-CA695C26AA62}.Release|Any CPU.Build.0 = Release|Any CPU
	EndGlobalSection
EndGlobal
